
Microsoft Visual Studio Solution File, Format Version 12.00
# Visual Studio Version 16
VisualStudioVersion = 16.0.32126.315
MinimumVisualStudioVersion = 10.0.40219.1
Project("{FAE04EC0-301F-11D3-BF4B-00C04F79EFBC}") = "EOSmartUpdate", "EOSmartUpdate.csproj", "{B4EEA082-1515-4056-ABD0-F15449883A75}"
EndProject
Global
	GlobalSection(SolutionConfigurationPlatforms) = preSolution
		Debug|Any CPU = Debug|Any CPU
		Release|Any CPU = Release|Any CPU
	EndGlobalSection
	GlobalSection(ProjectConfigurationPlatforms) = postSolution
		{B4EEA082-1515-4056-ABD0-F15449883A75}.Debug|Any CPU.ActiveCfg = Debug|Any CPU
		{B4EEA082-1515-4056-ABD0-F15449883A75}.Debug|Any CPU.Build.0 = Debug|Any CPU
		{B4EEA082-1515-4056-ABD0-F15449883A75}.Release|Any CPU.ActiveCfg = Release|Any CPU
		{B4EEA082-1515-4056-ABD0-F15449883A75}.Release|Any CPU.Build.0 = Release|Any CPU
	EndGlobalSection
	GlobalSection(SolutionProperties) = preSolution
		HideSolutionNode = FALSE
	EndGlobalSection
	GlobalSection(ExtensibilityGlobals) = postSolution
		SolutionGuid = {A0A403AA-C08B-4CFD-B60F-93F287F937FE}
	EndGlobalSection
EndGlobal
